
Microsoft Visual Studio Solution File, Format Version 12.00
# Visual Studio Version 16
VisualStudioVersion = 16.0.31515.178
MinimumVisualStudioVersion = 10.0.40219.1
Project("{FAE04EC0-301F-11D3-BF4B-00C04F79EFBC}") = "CadastroProduto", "CadastroProduto\CadastroProduto.csproj", "{DCF6DD82-78CC-40AD-AC71-684EB3416DC1}"
EndProject
Global
	GlobalSection(SolutionConfigurationPlatforms) = preSolution
		Debug|Any CPU = Debug|Any CPU
		Release|Any CPU = Release|Any CPU
	EndGlobalSection
	GlobalSection(ProjectConfigurationPlatforms) = postSolution
		{DCF6DD82-78CC-40AD-AC71-684EB3416DC1}.Debug|Any CPU.ActiveCfg = Debug|Any CPU
		{DCF6DD82-78CC-40AD-AC71-684EB3416DC1}.Debug|Any CPU.Build.0 = Debug|Any CPU
		{DCF6DD82-78CC-40AD-AC71-684EB3416DC1}.Release|Any CPU.ActiveCfg = Release|Any CPU
		{DCF6DD82-78CC-40AD-AC71-684EB3416DC1}.Release|Any CPU.Build.0 = Release|Any CPU
	EndGlobalSection
	GlobalSection(SolutionProperties) = preSolution
		HideSolutionNode = FALSE
	EndGlobalSection
	GlobalSection(ExtensibilityGlobals) = postSolution
		SolutionGuid = {A4B2ABE0-C100-42B7-9F9B-1D166B2D8E11}
	EndGlobalSection
EndGlobal
